// !$*UTF8*$!
{
	archiveVersion = 1;
	classes = {
	};
	objectVersion = 55;
	objects = {

/* Begin PBXBuildFile section */
		DF551B4E28624025001EA0D5 /* Assets.xcassets in Resources */ = {isa = PBXBuildFile; fileRef = DF551B4D28624025001EA0D5 /* Assets.xcassets */; };
		DF551B5128624025001EA0D5 /* Preview Assets.xcassets in Resources */ = {isa = PBXBuildFile; fileRef = DF551B5028624025001EA0D5 /* Preview Assets.xcassets */; };
		DF551B5928624051001EA0D5 /* MainViewController.swift in Sources */ = {isa = PBXBuildFile; fileRef = DF551B5828624051001EA0D5 /* MainViewController.swift */; };
		DF551B5B28624065001EA0D5 /* AppDelegate.swift in Sources */ = {isa = PBXBuildFile; fileRef = DF551B5A28624065001EA0D5 /* AppDelegate.swift */; };
		DF551B6228624086001EA0D5 /* Util.swift in Sources */ = {isa = PBXBuildFile; fileRef = DF551B6028624086001EA0D5 /* Util.swift */; };
		DF551B962862459A001EA0D5 /* XPCService.m in Sources */ = {isa = PBXBuildFile; fileRef = DF551B952862459A001EA0D5 /* XPCService.m */; };
		DF551B982862459A001EA0D5 /* main.m in Sources */ = {isa = PBXBuildFile; fileRef = DF551B972862459A001EA0D5 /* main.m */; };
		DF551B9C2862459A001EA0D5 /* XPCService.xpc in Embed XPC Services */ = {isa = PBXBuildFile; fileRef = DF551B912862459A001EA0D5 /* XPCService.xpc */; settings = {ATTRIBUTES = (RemoveHeadersOnCopy, ); }; };
		DF551BA428624CB0001EA0D5 /* SMCObjC.m in Sources */ = {isa = PBXBuildFile; fileRef = DF551B672862415E001EA0D5 /* SMCObjC.m */; };
		DFEFAE6B2867BAF600401A1B /* smc.c in Sources */ = {isa = PBXBuildFile; fileRef = DFEFAE6A2867BAF600401A1B /* smc.c */; };
/* End PBXBuildFile section */

/* Begin PBXContainerItemProxy section */
		DF551BB2286780E9001EA0D5 /* PBXContainerItemProxy */ = {
			isa = PBXContainerItemProxy;
			containerPortal = DF551B3E28624021001EA0D5 /* Project object */;
			proxyType = 1;
			remoteGlobalIDString = DF551B902862459A001EA0D5;
			remoteInfo = XPCService;
		};
/* End PBXContainerItemProxy section */

/* Begin PBXCopyFilesBuildPhase section */
		DF551B882862451C001EA0D5 /* Embed XPC Services */ = {
			isa = PBXCopyFilesBuildPhase;
			buildActionMask = 12;
			dstPath = "$(CONTENTS_FOLDER_PATH)/XPCServices";
			dstSubfolderSpec = 16;
			files = (
				DF551B9C2862459A001EA0D5 /* XPCService.xpc in Embed XPC Services */,
			);
			name = "Embed XPC Services";
			runOnlyForDeploymentPostprocessing = 0;
		};
/* End PBXCopyFilesBuildPhase section */

/* Begin PBXFileReference section */
		DF551B4628624021001EA0D5 /* AlPanel.app */ = {isa = PBXFileReference; explicitFileType = wrapper.application; includeInIndex = 0; path = AlPanel.app; sourceTree = BUILT_PRODUCTS_DIR; };
		DF551B4D28624025001EA0D5 /* Assets.xcassets */ = {isa = PBXFileReference; lastKnownFileType = folder.assetcatalog; path = Assets.xcassets; sourceTree = "<group>"; };
		DF551B5028624025001EA0D5 /* Preview Assets.xcassets */ = {isa = PBXFileReference; lastKnownFileType = folder.assetcatalog; path = "Preview Assets.xcassets"; sourceTree = "<group>"; };
		DF551B5228624025001EA0D5 /* AlPanel.entitlements */ = {isa = PBXFileReference; lastKnownFileType = text.plist.entitlements; path = AlPanel.entitlements; sourceTree = "<group>"; };
		DF551B5828624051001EA0D5 /* MainViewController.swift */ = {isa = PBXFileReference; fileEncoding = 4; lastKnownFileType = sourcecode.swift; path = MainViewController.swift; sourceTree = "<group>"; };
		DF551B5A28624065001EA0D5 /* AppDelegate.swift */ = {isa = PBXFileReference; fileEncoding = 4; lastKnownFileType = sourcecode.swift; path = AppDelegate.swift; sourceTree = "<group>"; };
		DF551B6028624086001EA0D5 /* Util.swift */ = {isa = PBXFileReference; fileEncoding = 4; lastKnownFileType = sourcecode.swift; path = Util.swift; sourceTree = "<group>"; };
		DF551B6328624090001EA0D5 /* lib */ = {isa = PBXFileReference; lastKnownFileType = folder; path = lib; sourceTree = "<group>"; };
		DF551B652862415D001EA0D5 /* AlPanel-Bridging-Header.h */ = {isa = PBXFileReference; lastKnownFileType = sourcecode.c.h; path = "AlPanel-Bridging-Header.h"; sourceTree = "<group>"; };
		DF551B672862415E001EA0D5 /* SMCObjC.m */ = {isa = PBXFileReference; fileEncoding = 4; lastKnownFileType = sourcecode.c.objc; path = SMCObjC.m; sourceTree = "<group>"; };
		DF551B912862459A001EA0D5 /* XPCService.xpc */ = {isa = PBXFileReference; explicitFileType = "wrapper.xpc-service"; includeInIndex = 0; path = XPCService.xpc; sourceTree = BUILT_PRODUCTS_DIR; };
		DF551B932862459A001EA0D5 /* XPCServiceProtocol.h */ = {isa = PBXFileReference; lastKnownFileType = sourcecode.c.h; path = XPCServiceProtocol.h; sourceTree = "<group>"; };
		DF551B942862459A001EA0D5 /* XPCService.h */ = {isa = PBXFileReference; lastKnownFileType = sourcecode.c.h; path = XPCService.h; sourceTree = "<group>"; };
		DF551B952862459A001EA0D5 /* XPCService.m */ = {isa = PBXFileReference; lastKnownFileType = sourcecode.c.objc; path = XPCService.m; sourceTree = "<group>"; };
		DF551B972862459A001EA0D5 /* main.m */ = {isa = PBXFileReference; lastKnownFileType = sourcecode.c.objc; path = main.m; sourceTree = "<group>"; };
		DF551B992862459A001EA0D5 /* Info.plist */ = {isa = PBXFileReference; lastKnownFileType = text.plist.xml; path = Info.plist; sourceTree = "<group>"; };
		DF551BA028624961001EA0D5 /* SMCObjC.h */ = {isa = PBXFileReference; lastKnownFileType = sourcecode.c.h; path = SMCObjC.h; sourceTree = "<group>"; };
		DF551BB62867B02A001EA0D5 /* launchd.plist */ = {isa = PBXFileReference; lastKnownFileType = text.plist.xml; path = launchd.plist; sourceTree = "<group>"; };
		DF92D5A528A054740025280A /* README.md */ = {isa = PBXFileReference; lastKnownFileType = net.daringfireball.markdown; path = README.md; sourceTree = "<group>"; };
		DFEFAE6A2867BAF600401A1B /* smc.c */ = {isa = PBXFileReference; lastKnownFileType = sourcecode.c.c; name = smc.c; path = XPCService/lib/smc.c; sourceTree = "<group>"; };
		DFEFAE6E2867BE0F00401A1B /* Info.plist */ = {isa = PBXFileReference; fileEncoding = 4; lastKnownFileType = text.plist.xml; path = Info.plist; sourceTree = "<group>"; };
/* End PBXFileReference section */

/* Begin PBXFrameworksBuildPhase section */
		DF551B4328624021001EA0D5 /* Frameworks */ = {
			isa = PBXFrameworksBuildPhase;
			buildActionMask = 2147483647;
			files = (
			);
			runOnlyForDeploymentPostprocessing = 0;
		};
		DF551B8E2862459A001EA0D5 /* Frameworks */ = {
			isa = PBXFrameworksBuildPhase;
			buildActionMask = 2147483647;
			files = (
			);
			runOnlyForDeploymentPostprocessing = 0;
		};
/* End PBXFrameworksBuildPhase section */

/* Begin PBXGroup section */
		DF551B3D28624021001EA0D5 = {
			isa = PBXGroup;
			children = (
				DF92D5A528A054740025280A /* README.md */,
				DFEFAE6A2867BAF600401A1B /* smc.c */,
				DF551B4828624021001EA0D5 /* AlPanel */,
				DF551B922862459A001EA0D5 /* XPCService */,
				DF551B4728624021001EA0D5 /* Products */,
			);
			sourceTree = "<group>";
		};
		DF551B4728624021001EA0D5 /* Products */ = {
			isa = PBXGroup;
			children = (
				DF551B4628624021001EA0D5 /* AlPanel.app */,
				DF551B912862459A001EA0D5 /* XPCService.xpc */,
			);
			name = Products;
			sourceTree = "<group>";
		};
		DF551B4828624021001EA0D5 /* AlPanel */ = {
			isa = PBXGroup;
			children = (
				DFEFAE6E2867BE0F00401A1B /* Info.plist */,
				DF551B5828624051001EA0D5 /* MainViewController.swift */,
				DF551B5A28624065001EA0D5 /* AppDelegate.swift */,
				DF551B6028624086001EA0D5 /* Util.swift */,
				DF551B4D28624025001EA0D5 /* Assets.xcassets */,
				DF551B5228624025001EA0D5 /* AlPanel.entitlements */,
				DF551B4F28624025001EA0D5 /* Preview Content */,
				DF551B652862415D001EA0D5 /* AlPanel-Bridging-Header.h */,
			);
			path = AlPanel;
			sourceTree = "<group>";
		};
		DF551B4F28624025001EA0D5 /* Preview Content */ = {
			isa = PBXGroup;
			children = (
				DF551B5028624025001EA0D5 /* Preview Assets.xcassets */,
			);
			path = "Preview Content";
			sourceTree = "<group>";
		};
		DF551B922862459A001EA0D5 /* XPCService */ = {
			isa = PBXGroup;
			children = (
				DF551B6328624090001EA0D5 /* lib */,
				DF551B932862459A001EA0D5 /* XPCServiceProtocol.h */,
				DF551B942862459A001EA0D5 /* XPCService.h */,
				DF551B952862459A001EA0D5 /* XPCService.m */,
				DF551B972862459A001EA0D5 /* main.m */,
				DF551B672862415E001EA0D5 /* SMCObjC.m */,
				DF551BA028624961001EA0D5 /* SMCObjC.h */,
				DF551B992862459A001EA0D5 /* Info.plist */,
				DF551BB62867B02A001EA0D5 /* launchd.plist */,
			);
			path = XPCService;
			sourceTree = "<group>";
		};
/* End PBXGroup section */

/* Begin PBXNativeTarget section */
		DF551B4528624021001EA0D5 /* AlPanel */ = {
			isa = PBXNativeTarget;
			buildConfigurationList = DF551B5528624025001EA0D5 /* Build configuration list for PBXNativeTarget "AlPanel" */;
			buildPhases = (
				DF551B4228624021001EA0D5 /* Sources */,
				DF551B4328624021001EA0D5 /* Frameworks */,
				DF551B4428624021001EA0D5 /* Resources */,
				DF551B882862451C001EA0D5 /* Embed XPC Services */,
			);
			buildRules = (
			);
			dependencies = (
				DF551BB3286780E9001EA0D5 /* PBXTargetDependency */,
			);
			name = AlPanel;
			productName = AlPanel;
			productReference = DF551B4628624021001EA0D5 /* AlPanel.app */;
			productType = "com.apple.product-type.application";
		};
		DF551B902862459A001EA0D5 /* XPCService */ = {
			isa = PBXNativeTarget;
			buildConfigurationList = DF551B9D2862459A001EA0D5 /* Build configuration list for PBXNativeTarget "XPCService" */;
			buildPhases = (
				DF551B8D2862459A001EA0D5 /* Sources */,
				DF551B8E2862459A001EA0D5 /* Frameworks */,
				DF551B8F2862459A001EA0D5 /* Resources */,
			);
			buildRules = (
			);
			dependencies = (
			);
			name = XPCService;
			productName = XPCService;
			productReference = DF551B912862459A001EA0D5 /* XPCService.xpc */;
			productType = "com.apple.product-type.xpc-service";
		};
/* End PBXNativeTarget section */

/* Begin PBXProject section */
		DF551B3E28624021001EA0D5 /* Project object */ = {
			isa = PBXProject;
			attributes = {
				BuildIndependentTargetsInParallel = 1;
				LastSwiftUpdateCheck = 1300;
				LastUpgradeCheck = 1300;
				TargetAttributes = {
					DF551B4528624021001EA0D5 = {
						CreatedOnToolsVersion = 13.0;
						LastSwiftMigration = 1300;
					};
					DF551B902862459A001EA0D5 = {
						CreatedOnToolsVersion = 13.0;
						LastSwiftMigration = 1300;
					};
				};
			};
			buildConfigurationList = DF551B4128624021001EA0D5 /* Build configuration list for PBXProject "AlPanel" */;
			compatibilityVersion = "Xcode 13.0";
			developmentRegion = en;
			hasScannedForEncodings = 0;
			knownRegions = (
				en,
				Base,
			);
			mainGroup = DF551B3D28624021001EA0D5;
			productRefGroup = DF551B4728624021001EA0D5 /* Products */;
			projectDirPath = "";
			projectRoot = "";
			targets = (
				DF551B4528624021001EA0D5 /* AlPanel */,
				DF551B902862459A001EA0D5 /* XPCService */,
			);
		};
/* End PBXProject section */

/* Begin PBXResourcesBuildPhase section */
		DF551B4428624021001EA0D5 /* Resources */ = {
			isa = PBXResourcesBuildPhase;
			buildActionMask = 2147483647;
			files = (
				DF551B5128624025001EA0D5 /* Preview Assets.xcassets in Resources */,
				DF551B4E28624025001EA0D5 /* Assets.xcassets in Resources */,
			);
			runOnlyForDeploymentPostprocessing = 0;
		};
		DF551B8F2862459A001EA0D5 /* Resources */ = {
			isa = PBXResourcesBuildPhase;
			buildActionMask = 2147483647;
			files = (
			);
			runOnlyForDeploymentPostprocessing = 0;
		};
/* End PBXResourcesBuildPhase section */

/* Begin PBXSourcesBuildPhase section */
		DF551B4228624021001EA0D5 /* Sources */ = {
			isa = PBXSourcesBuildPhase;
			buildActionMask = 2147483647;
			files = (
				DF551B6228624086001EA0D5 /* Util.swift in Sources */,
				DF551B5B28624065001EA0D5 /* AppDelegate.swift in Sources */,
				DF551B5928624051001EA0D5 /* MainViewController.swift in Sources */,
			);
			runOnlyForDeploymentPostprocessing = 0;
		};
		DF551B8D2862459A001EA0D5 /* Sources */ = {
			isa = PBXSourcesBuildPhase;
			buildActionMask = 2147483647;
			files = (
				DFEFAE6B2867BAF600401A1B /* smc.c in Sources */,
				DF551BA428624CB0001EA0D5 /* SMCObjC.m in Sources */,
				DF551B982862459A001EA0D5 /* main.m in Sources */,
				DF551B962862459A001EA0D5 /* XPCService.m in Sources */,
			);
			runOnlyForDeploymentPostprocessing = 0;
		};
/* End PBXSourcesBuildPhase section */

/* Begin PBXTargetDependency section */
		DF551BB3286780E9001EA0D5 /* PBXTargetDependency */ = {
			isa = PBXTargetDependency;
			target = DF551B902862459A001EA0D5 /* XPCService */;
			targetProxy = DF551BB2286780E9001EA0D5 /* PBXContainerItemProxy */;
		};
/* End PBXTargetDependency section */

/* Begin XCBuildConfiguration section */
		DF551B5328624025001EA0D5 /* Debug */ = {
			isa = XCBuildConfiguration;
			buildSettings = {
				ALWAYS_SEARCH_USER_PATHS = NO;
				CLANG_ANALYZER_NONNULL = YES;
				CLANG_ANALYZER_NUMBER_OBJECT_CONVERSION = YES_AGGRESSIVE;
				CLANG_CXX_LANGUAGE_STANDARD = "gnu++17";
				CLANG_CXX_LIBRARY = "libc++";
				CLANG_ENABLE_MODULES = YES;
				CLANG_ENABLE_OBJC_ARC = YES;
				CLANG_ENABLE_OBJC_WEAK = YES;
				CLANG_WARN_BLOCK_CAPTURE_AUTORELEASING = YES;
				CLANG_WARN_BOOL_CONVERSION = YES;
				CLANG_WARN_COMMA = YES;
				CLANG_WARN_CONSTANT_CONVERSION = YES;
				CLANG_WARN_DEPRECATED_OBJC_IMPLEMENTATIONS = YES;
				CLANG_WARN_DIRECT_OBJC_ISA_USAGE = YES_ERROR;
				CLANG_WARN_DOCUMENTATION_COMMENTS = YES;
				CLANG_WARN_EMPTY_BODY = YES;
				CLANG_WARN_ENUM_CONVERSION = YES;
				CLANG_WARN_INFINITE_RECURSION = YES;
				CLANG_WARN_INT_CONVERSION = YES;
				CLANG_WARN_NON_LITERAL_NULL_CONVERSION = YES;
				CLANG_WARN_OBJC_IMPLICIT_RETAIN_SELF = YES;
				CLANG_WARN_OBJC_LITERAL_CONVERSION = YES;
				CLANG_WARN_OBJC_ROOT_CLASS = YES_ERROR;
				CLANG_WARN_QUOTED_INCLUDE_IN_FRAMEWORK_HEADER = YES;
				CLANG_WARN_RANGE_LOOP_ANALYSIS = YES;
				CLANG_WARN_STRICT_PROTOTYPES = YES;
				CLANG_WARN_SUSPICIOUS_MOVE = YES;
				CLANG_WARN_UNGUARDED_AVAILABILITY = YES_AGGRESSIVE;
				CLANG_WARN_UNREACHABLE_CODE = YES;
				CLANG_WARN__DUPLICATE_METHOD_MATCH = YES;
				COPY_PHASE_STRIP = NO;
				DEBUG_INFORMATION_FORMAT = dwarf;
				ENABLE_STRICT_OBJC_MSGSEND = YES;
				ENABLE_TESTABILITY = YES;
				GCC_C_LANGUAGE_STANDARD = gnu11;
				GCC_DYNAMIC_NO_PIC = NO;
				GCC_NO_COMMON_BLOCKS = YES;
				GCC_OPTIMIZATION_LEVEL = 0;
				GCC_PREPROCESSOR_DEFINITIONS = (
					"DEBUG=1",
					"$(inherited)",
				);
				GCC_WARN_64_TO_32_BIT_CONVERSION = YES;
				GCC_WARN_ABOUT_RETURN_TYPE = YES_ERROR;
				GCC_WARN_UNDECLARED_SELECTOR = YES;
				GCC_WARN_UNINITIALIZED_AUTOS = YES_AGGRESSIVE;
				GCC_WARN_UNUSED_FUNCTION = YES;
				GCC_WARN_UNUSED_VARIABLE = YES;
				MACOSX_DEPLOYMENT_TARGET = 11.3;
				MTL_ENABLE_DEBUG_INFO = INCLUDE_SOURCE;
				MTL_FAST_MATH = YES;
				ONLY_ACTIVE_ARCH = YES;
				SDKROOT = macosx;
				SWIFT_ACTIVE_COMPILATION_CONDITIONS = DEBUG;
				SWIFT_OPTIMIZATION_LEVEL = "-Onone";
			};
			name = Debug;
		};
		DF551B5428624025001EA0D5 /* Release */ = {
			isa = XCBuildConfiguration;
			buildSettings = {
				ALWAYS_SEARCH_USER_PATHS = NO;
				CLANG_ANALYZER_NONNULL = YES;
				CLANG_ANALYZER_NUMBER_OBJECT_CONVERSION = YES_AGGRESSIVE;
				CLANG_CXX_LANGUAGE_STANDARD = "gnu++17";
				CLANG_CXX_LIBRARY = "libc++";
				CLANG_ENABLE_MODULES = YES;
				CLANG_ENABLE_OBJC_ARC = YES;
				CLANG_ENABLE_OBJC_WEAK = YES;
				CLANG_WARN_BLOCK_CAPTURE_AUTORELEASING = YES;
				CLANG_WARN_BOOL_CONVERSION = YES;
				CLANG_WARN_COMMA = YES;
				CLANG_WARN_CONSTANT_CONVERSION = YES;
				CLANG_WARN_DEPRECATED_OBJC_IMPLEMENTATIONS = YES;
				CLANG_WARN_DIRECT_OBJC_ISA_USAGE = YES_ERROR;
				CLANG_WARN_DOCUMENTATION_COMMENTS = YES;
				CLANG_WARN_EMPTY_BODY = YES;
				CLANG_WARN_ENUM_CONVERSION = YES;
				CLANG_WARN_INFINITE_RECURSION = YES;
				CLANG_WARN_INT_CONVERSION = YES;
				CLANG_WARN_NON_LITERAL_NULL_CONVERSION = YES;
				CLANG_WARN_OBJC_IMPLICIT_RETAIN_SELF = YES;
				CLANG_WARN_OBJC_LITERAL_CONVERSION = YES;
				CLANG_WARN_OBJC_ROOT_CLASS = YES_ERROR;
				CLANG_WARN_QUOTED_INCLUDE_IN_FRAMEWORK_HEADER = YES;
				CLANG_WARN_RANGE_LOOP_ANALYSIS = YES;
				CLANG_WARN_STRICT_PROTOTYPES = YES;
				CLANG_WARN_SUSPICIOUS_MOVE = YES;
				CLANG_WARN_UNGUARDED_AVAILABILITY = YES_AGGRESSIVE;
				CLANG_WARN_UNREACHABLE_CODE = YES;
				CLANG_WARN__DUPLICATE_METHOD_MATCH = YES;
				COPY_PHASE_STRIP = NO;
				DEBUG_INFORMATION_FORMAT = "dwarf-with-dsym";
				ENABLE_NS_ASSERTIONS = NO;
				ENABLE_STRICT_OBJC_MSGSEND = YES;
				GCC_C_LANGUAGE_STANDARD = gnu11;
				GCC_NO_COMMON_BLOCKS = YES;
				GCC_WARN_64_TO_32_BIT_CONVERSION = YES;
				GCC_WARN_ABOUT_RETURN_TYPE = YES_ERROR;
				GCC_WARN_UNDECLARED_SELECTOR = YES;
				GCC_WARN_UNINITIALIZED_AUTOS = YES_AGGRESSIVE;
				GCC_WARN_UNUSED_FUNCTION = YES;
				GCC_WARN_UNUSED_VARIABLE = YES;
				MACOSX_DEPLOYMENT_TARGET = 11.3;
				MTL_ENABLE_DEBUG_INFO = NO;
				MTL_FAST_MATH = YES;
				SDKROOT = macosx;
				SWIFT_COMPILATION_MODE = wholemodule;
				SWIFT_OPTIMIZATION_LEVEL = "-O";
			};
			name = Release;
		};
		DF551B5628624025001EA0D5 /* Debug */ = {
			isa = XCBuildConfiguration;
			buildSettings = {
				ASSETCATALOG_COMPILER_APPICON_NAME = AppIcon;
				ASSETCATALOG_COMPILER_GLOBAL_ACCENT_COLOR_NAME = AccentColor;
				CLANG_ENABLE_MODULES = YES;
				CODE_SIGN_ENTITLEMENTS = "";
				CODE_SIGN_IDENTITY = "Mac Developer";
				CODE_SIGN_STYLE = Automatic;
				COMBINE_HIDPI_IMAGES = YES;
				CREATE_INFOPLIST_SECTION_IN_BINARY = NO;
				CURRENT_PROJECT_VERSION = 1;
				DEVELOPMENT_ASSET_PATHS = "\"AlPanel/Preview Content\"";
				DEVELOPMENT_TEAM = CLCYNHMUWK;
				ENABLE_HARDENED_RUNTIME = YES;
				ENABLE_PREVIEWS = NO;
				GENERATE_INFOPLIST_FILE = NO;
				INFOPLIST_FILE = "$(SRCROOT)/$(TARGET_NAME)/Info.plist";
				INFOPLIST_KEY_NSHumanReadableCopyright = "";
				INFOPLIST_PREPROCESS = NO;
				LD_RUNPATH_SEARCH_PATHS = (
					"$(inherited)",
					"@executable_path/../Frameworks",
				);
				MACOSX_DEPLOYMENT_TARGET = 11.0;
				MARKETING_VERSION = 1.0;
				PRODUCT_BUNDLE_IDENTIFIER = al.AlPanel;
				PRODUCT_NAME = "$(TARGET_NAME)";
				SWIFT_EMIT_LOC_STRINGS = NO;
				SWIFT_OBJC_BRIDGING_HEADER = "AlPanel/AlPanel-Bridging-Header.h";
				SWIFT_OPTIMIZATION_LEVEL = "-Onone";
				SWIFT_VERSION = 5.0;
			};
			name = Debug;
		};
		DF551B5728624025001EA0D5 /* Release */ = {
			isa = XCBuildConfiguration;
			buildSettings = {
				ASSETCATALOG_COMPILER_APPICON_NAME = AppIcon;
				ASSETCATALOG_COMPILER_GLOBAL_ACCENT_COLOR_NAME = AccentColor;
				CLANG_ENABLE_MODULES = YES;
				CODE_SIGN_ENTITLEMENTS = "";
				CODE_SIGN_IDENTITY = "Mac Developer";
				CODE_SIGN_STYLE = Automatic;
				COMBINE_HIDPI_IMAGES = YES;
				CREATE_INFOPLIST_SECTION_IN_BINARY = NO;
				CURRENT_PROJECT_VERSION = 1;
				DEVELOPMENT_ASSET_PATHS = "\"AlPanel/Preview Content\"";
				DEVELOPMENT_TEAM = CLCYNHMUWK;
				ENABLE_HARDENED_RUNTIME = YES;
				ENABLE_PREVIEWS = NO;
				GENERATE_INFOPLIST_FILE = NO;
				INFOPLIST_FILE = "$(SRCROOT)/$(TARGET_NAME)/Info.plist";
				INFOPLIST_KEY_NSHumanReadableCopyright = "";
				INFOPLIST_PREPROCESS = NO;
				LD_RUNPATH_SEARCH_PATHS = (
					"$(inherited)",
					"@executable_path/../Frameworks",
				);
				MACOSX_DEPLOYMENT_TARGET = 11.0;
				MARKETING_VERSION = 1.0;
				PRODUCT_BUNDLE_IDENTIFIER = al.AlPanel;
				PRODUCT_NAME = "$(TARGET_NAME)";
				SWIFT_EMIT_LOC_STRINGS = NO;
				SWIFT_OBJC_BRIDGING_HEADER = "AlPanel/AlPanel-Bridging-Header.h";
				SWIFT_VERSION = 5.0;
			};
			name = Release;
		};
		DF551B9E2862459A001EA0D5 /* Debug */ = {
			isa = XCBuildConfiguration;
			buildSettings = {
				CLANG_ENABLE_MODULES = YES;
				CODE_SIGN_ENTITLEMENTS = "";
				CODE_SIGN_IDENTITY = "Mac Developer";
				CODE_SIGN_STYLE = Automatic;
				COMBINE_HIDPI_IMAGES = YES;
				CREATE_INFOPLIST_SECTION_IN_BINARY = YES;
				CURRENT_PROJECT_VERSION = 1;
				DEVELOPMENT_TEAM = CLCYNHMUWK;
				ENABLE_HARDENED_RUNTIME = YES;
				GENERATE_INFOPLIST_FILE = YES;
				INFOPLIST_FILE = "$(SRCROOT)/$(TARGET_NAME)/Info.plist";
				INFOPLIST_KEY_CFBundleDisplayName = "";
				INFOPLIST_KEY_NSHumanReadableCopyright = "";
				INFOPLIST_PREPROCESS = NO;
				LD_RUNPATH_SEARCH_PATHS = "$(LD_RUNPATH_SEARCH_PATHS_$(IS_MACCATALYST)_$(_BOOL_$(SKIP_INSTALL)))";
				MACOSX_DEPLOYMENT_TARGET = 11.0;
				MARKETING_VERSION = 1.0;
				OTHER_LDFLAGS = (
					"-sectcreate",
					__TEXT,
					__launchd_plist,
					"$(SRCROOT)/${TARGET_NAME}/launchd.plist",
				);
				PRODUCT_BUNDLE_IDENTIFIER = XPCService;
				PRODUCT_NAME = "$(TARGET_NAME)";
				SKIP_INSTALL = YES;
				SWIFT_EMIT_LOC_STRINGS = YES;
				SWIFT_OBJC_BRIDGING_HEADER = "XPCService/XPCService-Bridging-Header.h";
				SWIFT_OPTIMIZATION_LEVEL = "-Onone";
				SWIFT_VERSION = 5.0;
			};
			name = Debug;
		};
		DF551B9F2862459A001EA0D5 /* Release */ = {
			isa = XCBuildConfiguration;
			buildSettings = {
				CLANG_ENABLE_MODULES = YES;
				CODE_SIGN_ENTITLEMENTS = "";
				CODE_SIGN_IDENTITY = "Mac Developer";
				CODE_SIGN_STYLE = Automatic;
				COMBINE_HIDPI_IMAGES = YES;
				CREATE_INFOPLIST_SECTION_IN_BINARY = YES;
				CURRENT_PROJECT_VERSION = 1;
				DEVELOPMENT_TEAM = CLCYNHMUWK;
				ENABLE_HARDENED_RUNTIME = YES;
				GENERATE_INFOPLIST_FILE = YES;
				INFOPLIST_FILE = "$(SRCROOT)/$(TARGET_NAME)/Info.plist";
				INFOPLIST_KEY_CFBundleDisplayName = "";
				INFOPLIST_KEY_NSHumanReadableCopyright = "";
				INFOPLIST_PREPROCESS = NO;
				LD_RUNPATH_SEARCH_PATHS = "$(LD_RUNPATH_SEARCH_PATHS_$(IS_MACCATALYST)_$(_BOOL_$(SKIP_INSTALL)))";
				MACOSX_DEPLOYMENT_TARGET = 11.0;
				MARKETING_VERSION = 1.0;
				OTHER_LDFLAGS = (
					"-sectcreate",
					__TEXT,
					__launchd_plist,
					"$(SRCROOT)/${TARGET_NAME}/launchd.plist",
				);
				PRODUCT_BUNDLE_IDENTIFIER = XPCService;
				PRODUCT_NAME = "$(TARGET_NAME)";
				SKIP_INSTALL = YES;
				SWIFT_EMIT_LOC_STRINGS = YES;
				SWIFT_OBJC_BRIDGING_HEADER = "XPCService/XPCService-Bridging-Header.h";
				SWIFT_VERSION = 5.0;
			};
			name = Release;
		};
/* End XCBuildConfiguration section */

/* Begin XCConfigurationList section */
		DF551B4128624021001EA0D5 /* Build configuration list for PBXProject "AlPanel" */ = {
			isa = XCConfigurationList;
			buildConfigurations = (
				DF551B5328624025001EA0D5 /* Debug */,
				DF551B5428624025001EA0D5 /* Release */,
			);
			defaultConfigurationIsVisible = 0;
			defaultConfigurationName = Release;
		};
		DF551B5528624025001EA0D5 /* Build configuration list for PBXNativeTarget "AlPanel" */ = {
			isa = XCConfigurationList;
			buildConfigurations = (
				DF551B5628624025001EA0D5 /* Debug */,
				DF551B5728624025001EA0D5 /* Release */,
			);
			defaultConfigurationIsVisible = 0;
			defaultConfigurationName = Release;
		};
		DF551B9D2862459A001EA0D5 /* Build configuration list for PBXNativeTarget "XPCService" */ = {
			isa = XCConfigurationList;
			buildConfigurations = (
				DF551B9E2862459A001EA0D5 /* Debug */,
				DF551B9F2862459A001EA0D5 /* Release */,
			);
			defaultConfigurationIsVisible = 0;
			defaultConfigurationName = Release;
		};
/* End XCConfigurationList section */
	};
	rootObject = DF551B3E28624021001EA0D5 /* Project object */;
}
